// !$*UTF8*$!
{
	archiveVersion = 1;
	classes = {
	};
	objectVersion = 46;
	objects = {

/* Begin PBXBuildFile section */
		574E93C81AD16FBF00BDEE64 /* UndoParticipant.cpp in Sources */ = {isa = PBXBuildFile; fileRef = 574E93C61AD16FBF00BDEE64 /* UndoParticipant.cpp */; };
		FC3F35321ACD357B00ECB356 /* main.cpp in Sources */ = {isa = PBXBuildFile; fileRef = FC3F35311ACD357B00ECB356 /* main.cpp */; };
		FC3F353C1ACD457C00ECB356 /* Participant.cpp in Sources */ = {isa = PBXBuildFile; fileRef = FC3F353A1ACD457C00ECB356 /* Participant.cpp */; };
		FC3F35411ACD4A9E00ECB356 /* Console.cpp in Sources */ = {isa = PBXBuildFile; fileRef = FC3F353F1ACD4A9E00ECB356 /* Console.cpp */; };
		FC3F35441ACD4AD800ECB356 /* Controller.cpp in Sources */ = {isa = PBXBuildFile; fileRef = FC3F35421ACD4AD800ECB356 /* Controller.cpp */; };
		FC3F35491ACD4B0700ECB356 /* Repository.cpp in Sources */ = {isa = PBXBuildFile; fileRef = FC3F35471ACD4B0700ECB356 /* Repository.cpp */; };
/* End PBXBuildFile section */

/* Begin PBXCopyFilesBuildPhase section */
		FC3F352C1ACD357A00ECB356 /* CopyFiles */ = {
			isa = PBXCopyFilesBuildPhase;
			buildActionMask = 2147483647;
			dstPath = /usr/share/man/man1/;
			dstSubfolderSpec = 0;
			files = (
			);
			runOnlyForDeploymentPostprocessing = 1;
		};
/* End PBXCopyFilesBuildPhase section */

/* Begin PBXFileReference section */
		574E93C61AD16FBF00BDEE64 /* UndoParticipant.cpp */ = {isa = PBXFileReference; fileEncoding = 4; lastKnownFileType = sourcecode.cpp.cpp; path = UndoParticipant.cpp; sourceTree = "<group>"; };
		574E93C71AD16FBF00BDEE64 /* UndoParticipant.h */ = {isa = PBXFileReference; fileEncoding = 4; lastKnownFileType = sourcecode.c.h; path = UndoParticipant.h; sourceTree = "<group>"; };
		FC3F352E1ACD357B00ECB356 /* Contest_CPP */ = {isa = PBXFileReference; explicitFileType = "compiled.mach-o.executable"; includeInIndex = 0; path = Contest_CPP; sourceTree = BUILT_PRODUCTS_DIR; };
		FC3F35311ACD357B00ECB356 /* main.cpp */ = {isa = PBXFileReference; lastKnownFileType = sourcecode.cpp.cpp; path = main.cpp; sourceTree = "<group>"; };
		FC3F35381ACD35AB00ECB356 /* README.md */ = {isa = PBXFileReference; fileEncoding = 4; lastKnownFileType = net.daringfireball.markdown; path = README.md; sourceTree = "<group>"; };
		FC3F353A1ACD457C00ECB356 /* Participant.cpp */ = {isa = PBXFileReference; fileEncoding = 4; lastKnownFileType = sourcecode.cpp.cpp; path = Participant.cpp; sourceTree = "<group>"; };
		FC3F353B1ACD457C00ECB356 /* Participant.h */ = {isa = PBXFileReference; fileEncoding = 4; lastKnownFileType = sourcecode.c.h; path = Participant.h; sourceTree = "<group>"; };
		FC3F353F1ACD4A9E00ECB356 /* Console.cpp */ = {isa = PBXFileReference; fileEncoding = 4; lastKnownFileType = sourcecode.cpp.cpp; path = Console.cpp; sourceTree = "<group>"; };
		FC3F35401ACD4A9E00ECB356 /* Console.h */ = {isa = PBXFileReference; fileEncoding = 4; lastKnownFileType = sourcecode.c.h; path = Console.h; sourceTree = "<group>"; };
		FC3F35421ACD4AD800ECB356 /* Controller.cpp */ = {isa = PBXFileReference; fileEncoding = 4; lastKnownFileType = sourcecode.cpp.cpp; path = Controller.cpp; sourceTree = "<group>"; };
		FC3F35431ACD4AD800ECB356 /* Controller.h */ = {isa = PBXFileReference; fileEncoding = 4; lastKnownFileType = sourcecode.c.h; path = Controller.h; sourceTree = "<group>"; };
		FC3F35471ACD4B0700ECB356 /* Repository.cpp */ = {isa = PBXFileReference; fileEncoding = 4; lastKnownFileType = sourcecode.cpp.cpp; path = Repository.cpp; sourceTree = "<group>"; };
		FC3F35481ACD4B0700ECB356 /* Repository.h */ = {isa = PBXFileReference; fileEncoding = 4; lastKnownFileType = sourcecode.c.h; path = Repository.h; sourceTree = "<group>"; };
/* End PBXFileReference section */

/* Begin PBXFrameworksBuildPhase section */
		FC3F352B1ACD357A00ECB356 /* Frameworks */ = {
			isa = PBXFrameworksBuildPhase;
			buildActionMask = 2147483647;
			files = (
			);
			runOnlyForDeploymentPostprocessing = 0;
		};
/* End PBXFrameworksBuildPhase section */

/* Begin PBXGroup section */
		574E93AB1AD1648200BDEE64 /* Tests */ = {
			isa = PBXGroup;
			children = (
				574E93B71AD16B8C00BDEE64 /* Test_Contest */,
			);
			name = Tests;
			sourceTree = "<group>";
		};
		574E93B61AD16B7C00BDEE64 /* Test_Repository */ = {
			isa = PBXGroup;
			children = (
			);
			name = Test_Repository;
			sourceTree = "<group>";
		};
		574E93B71AD16B8C00BDEE64 /* Test_Contest */ = {
			isa = PBXGroup;
			children = (
				574E93B91AD16BA400BDEE64 /* Test_Domain */,
				574E93B81AD16B9D00BDEE64 /* Test_Controller */,
				574E93B61AD16B7C00BDEE64 /* Test_Repository */,
			);
			name = Test_Contest;
			sourceTree = "<group>";
		};
		574E93B81AD16B9D00BDEE64 /* Test_Controller */ = {
			isa = PBXGroup;
			children = (
			);
			name = Test_Controller;
			sourceTree = "<group>";
		};
		574E93B91AD16BA400BDEE64 /* Test_Domain */ = {
			isa = PBXGroup;
			children = (
			);
			name = Test_Domain;
			sourceTree = "<group>";
		};
		FC3F35251ACD357A00ECB356 = {
			isa = PBXGroup;
			children = (
				FC3F35381ACD35AB00ECB356 /* README.md */,
				FC3F35301ACD357B00ECB356 /* Contest_CPP */,
				574E93AB1AD1648200BDEE64 /* Tests */,
				FC3F352F1ACD357B00ECB356 /* Products */,
			);
			sourceTree = "<group>";
		};
		FC3F352F1ACD357B00ECB356 /* Products */ = {
			isa = PBXGroup;
			children = (
				FC3F352E1ACD357B00ECB356 /* Contest_CPP */,
			);
			name = Products;
			sourceTree = "<group>";
		};
		FC3F35301ACD357B00ECB356 /* Contest_CPP */ = {
			isa = PBXGroup;
			children = (
				FC3F35461ACD4AE900ECB356 /* Repository */,
				FC3F35451ACD4ADF00ECB356 /* Controller */,
				FC3F353D1ACD458B00ECB356 /* Domain */,
				FC3F353E1ACD463700ECB356 /* UI */,
				FC3F35311ACD357B00ECB356 /* main.cpp */,
			);
			path = Contest_CPP;
			sourceTree = "<group>";
		};
		FC3F353D1ACD458B00ECB356 /* Domain */ = {
			isa = PBXGroup;
			children = (
				FC3F353A1ACD457C00ECB356 /* Participant.cpp */,
				FC3F353B1ACD457C00ECB356 /* Participant.h */,
				574E93C61AD16FBF00BDEE64 /* UndoParticipant.cpp */,
				574E93C71AD16FBF00BDEE64 /* UndoParticipant.h */,
			);
			name = Domain;
			sourceTree = "<group>";
		};
		FC3F353E1ACD463700ECB356 /* UI */ = {
			isa = PBXGroup;
			children = (
				FC3F353F1ACD4A9E00ECB356 /* Console.cpp */,
				FC3F35401ACD4A9E00ECB356 /* Console.h */,
			);
			name = UI;
			sourceTree = "<group>";
		};
		FC3F35451ACD4ADF00ECB356 /* Controller */ = {
			isa = PBXGroup;
			children = (
				FC3F35421ACD4AD800ECB356 /* Controller.cpp */,
				FC3F35431ACD4AD800ECB356 /* Controller.h */,
			);
			name = Controller;
			sourceTree = "<group>";
		};
		FC3F35461ACD4AE900ECB356 /* Repository */ = {
			isa = PBXGroup;
			children = (
				FC3F35471ACD4B0700ECB356 /* Repository.cpp */,
				FC3F35481ACD4B0700ECB356 /* Repository.h */,
			);
			name = Repository;
			sourceTree = "<group>";
		};
/* End PBXGroup section */

/* Begin PBXNativeTarget section */
		FC3F352D1ACD357A00ECB356 /* Contest_CPP */ = {
			isa = PBXNativeTarget;
			buildConfigurationList = FC3F35351ACD357B00ECB356 /* Build configuration list for PBXNativeTarget "Contest_CPP" */;
			buildPhases = (
				FC3F352A1ACD357A00ECB356 /* Sources */,
				FC3F352B1ACD357A00ECB356 /* Frameworks */,
				FC3F352C1ACD357A00ECB356 /* CopyFiles */,
			);
			buildRules = (
			);
			dependencies = (
			);
			name = Contest_CPP;
			productName = Contest_CPP;
			productReference = FC3F352E1ACD357B00ECB356 /* Contest_CPP */;
			productType = "com.apple.product-type.tool";
		};
/* End PBXNativeTarget section */

/* Begin PBXProject section */
		FC3F35261ACD357A00ECB356 /* Project object */ = {
			isa = PBXProject;
			attributes = {
				LastUpgradeCheck = 0620;
				ORGANIZATIONNAME = "Victor Ursan";
				TargetAttributes = {
					FC3F352D1ACD357A00ECB356 = {
						CreatedOnToolsVersion = 6.2;
					};
				};
			};
			buildConfigurationList = FC3F35291ACD357A00ECB356 /* Build configuration list for PBXProject "Contest_CPP" */;
			compatibilityVersion = "Xcode 3.2";
			developmentRegion = English;
			hasScannedForEncodings = 0;
			knownRegions = (
				en,
			);
			mainGroup = FC3F35251ACD357A00ECB356;
			productRefGroup = FC3F352F1ACD357B00ECB356 /* Products */;
			projectDirPath = "";
			projectRoot = "";
			targets = (
				FC3F352D1ACD357A00ECB356 /* Contest_CPP */,
			);
		};
/* End PBXProject section */

/* Begin PBXSourcesBuildPhase section */
		FC3F352A1ACD357A00ECB356 /* Sources */ = {
			isa = PBXSourcesBuildPhase;
			buildActionMask = 2147483647;
			files = (
				FC3F35321ACD357B00ECB356 /* main.cpp in Sources */,
				574E93C81AD16FBF00BDEE64 /* UndoParticipant.cpp in Sources */,
				FC3F35441ACD4AD800ECB356 /* Controller.cpp in Sources */,
				FC3F353C1ACD457C00ECB356 /* Participant.cpp in Sources */,
				FC3F35411ACD4A9E00ECB356 /* Console.cpp in Sources */,
				FC3F35491ACD4B0700ECB356 /* Repository.cpp in Sources */,
			);
			runOnlyForDeploymentPostprocessing = 0;
		};
/* End PBXSourcesBuildPhase section */

/* Begin XCBuildConfiguration section */
		FC3F35331ACD357B00ECB356 /* Debug */ = {
			isa = XCBuildConfiguration;
			buildSettings = {
				ALWAYS_SEARCH_USER_PATHS = NO;
				CLANG_CXX_LANGUAGE_STANDARD = "gnu++0x";
				CLANG_CXX_LIBRARY = "libc++";
				CLANG_ENABLE_MODULES = YES;
				CLANG_ENABLE_OBJC_ARC = YES;
				CLANG_WARN_BOOL_CONVERSION = YES;
				CLANG_WARN_CONSTANT_CONVERSION = YES;
				CLANG_WARN_DIRECT_OBJC_ISA_USAGE = YES_ERROR;
				CLANG_WARN_EMPTY_BODY = YES;
				CLANG_WARN_ENUM_CONVERSION = YES;
				CLANG_WARN_INT_CONVERSION = YES;
				CLANG_WARN_OBJC_ROOT_CLASS = YES_ERROR;
				CLANG_WARN_UNREACHABLE_CODE = YES;
				CLANG_WARN__DUPLICATE_METHOD_MATCH = YES;
				COPY_PHASE_STRIP = NO;
				ENABLE_STRICT_OBJC_MSGSEND = YES;
				GCC_C_LANGUAGE_STANDARD = gnu99;
				GCC_DYNAMIC_NO_PIC = NO;
				GCC_OPTIMIZATION_LEVEL = 0;
				GCC_PREPROCESSOR_DEFINITIONS = (
					"DEBUG=1",
					"$(inherited)",
				);
				GCC_SYMBOLS_PRIVATE_EXTERN = NO;
				GCC_WARN_64_TO_32_BIT_CONVERSION = YES;
				GCC_WARN_ABOUT_RETURN_TYPE = YES_ERROR;
				GCC_WARN_UNDECLARED_SELECTOR = YES;
				GCC_WARN_UNINITIALIZED_AUTOS = YES_AGGRESSIVE;
				GCC_WARN_UNUSED_FUNCTION = YES;
				GCC_WARN_UNUSED_VARIABLE = YES;
				MACOSX_DEPLOYMENT_TARGET = 10.10;
				MTL_ENABLE_DEBUG_INFO = YES;
				ONLY_ACTIVE_ARCH = YES;
				SDKROOT = macosx;
			};
			name = Debug;
		};
		FC3F35341ACD357B00ECB356 /* Release */ = {
			isa = XCBuildConfiguration;
			buildSettings = {
				ALWAYS_SEARCH_USER_PATHS = NO;
				CLANG_CXX_LANGUAGE_STANDARD = "gnu++0x";
				CLANG_CXX_LIBRARY = "libc++";
				CLANG_ENABLE_MODULES = YES;
				CLANG_ENABLE_OBJC_ARC = YES;
				CLANG_WARN_BOOL_CONVERSION = YES;
				CLANG_WARN_CONSTANT_CONVERSION = YES;
				CLANG_WARN_DIRECT_OBJC_ISA_USAGE = YES_ERROR;
				CLANG_WARN_EMPTY_BODY = YES;
				CLANG_WARN_ENUM_CONVERSION = YES;
				CLANG_WARN_INT_CONVERSION = YES;
				CLANG_WARN_OBJC_ROOT_CLASS = YES_ERROR;
				CLANG_WARN_UNREACHABLE_CODE = YES;
				CLANG_WARN__DUPLICATE_METHOD_MATCH = YES;
				COPY_PHASE_STRIP = NO;
				DEBUG_INFORMATION_FORMAT = "dwarf-with-dsym";
				ENABLE_NS_ASSERTIONS = NO;
				ENABLE_STRICT_OBJC_MSGSEND = YES;
				GCC_C_LANGUAGE_STANDARD = gnu99;
				GCC_WARN_64_TO_32_BIT_CONVERSION = YES;
				GCC_WARN_ABOUT_RETURN_TYPE = YES_ERROR;
				GCC_WARN_UNDECLARED_SELECTOR = YES;
				GCC_WARN_UNINITIALIZED_AUTOS = YES_AGGRESSIVE;
				GCC_WARN_UNUSED_FUNCTION = YES;
				GCC_WARN_UNUSED_VARIABLE = YES;
				MACOSX_DEPLOYMENT_TARGET = 10.10;
				MTL_ENABLE_DEBUG_INFO = NO;
				SDKROOT = macosx;
			};
			name = Release;
		};
		FC3F35361ACD357B00ECB356 /* Debug */ = {
			isa = XCBuildConfiguration;
			buildSettings = {
				PRODUCT_NAME = "$(TARGET_NAME)";
			};
			name = Debug;
		};
		FC3F35371ACD357B00ECB356 /* Release */ = {
			isa = XCBuildConfiguration;
			buildSettings = {
				PRODUCT_NAME = "$(TARGET_NAME)";
			};
			name = Release;
		};
/* End XCBuildConfiguration section */

/* Begin XCConfigurationList section */
		FC3F35291ACD357A00ECB356 /* Build configuration list for PBXProject "Contest_CPP" */ = {
			isa = XCConfigurationList;
			buildConfigurations = (
				FC3F35331ACD357B00ECB356 /* Debug */,
				FC3F35341ACD357B00ECB356 /* Release */,
			);
			defaultConfigurationIsVisible = 0;
			defaultConfigurationName = Release;
		};
		FC3F35351ACD357B00ECB356 /* Build configuration list for PBXNativeTarget "Contest_CPP" */ = {
			isa = XCConfigurationList;
			buildConfigurations = (
				FC3F35361ACD357B00ECB356 /* Debug */,
				FC3F35371ACD357B00ECB356 /* Release */,
			);
			defaultConfigurationIsVisible = 0;
			defaultConfigurationName = Release;
		};
/* End XCConfigurationList section */
	};
	rootObject = FC3F35261ACD357A00ECB356 /* Project object */;
}
